
Microsoft Visual Studio Solution File, Format Version 12.00
# Visual Studio Version 17
VisualStudioVersion = 17.9.34728.123
MinimumVisualStudioVersion = 10.0.40219.1
Project("{9A19103F-16F7-4668-BE54-9A1E7A4F7556}") = "ImageCare.UI.Avalonia", "ImageCare.UI.Avalonia\ImageCare.UI.Avalonia.csproj", "{67787945-F2C4-4D2B-8953-392DC0EBF71A}"
EndProject
Project("{FAE04EC0-301F-11D3-BF4B-00C04F79EFBC}") = "ImageCare.Core", "ImageCare.Core\ImageCare.Core.csproj", "{B9107C4E-24C0-4689-BB70-01CB665D73A3}"
EndProject
Global
	GlobalSection(SolutionConfigurationPlatforms) = preSolution
		Debug|Any CPU = Debug|Any CPU
		Release|Any CPU = Release|Any CPU
	EndGlobalSection
	GlobalSection(ProjectConfigurationPlatforms) = postSolution
		{67787945-F2C4-4D2B-8953-392DC0EBF71A}.Debug|Any CPU.ActiveCfg = Debug|Any CPU
		{67787945-F2C4-4D2B-8953-392DC0EBF71A}.Debug|Any CPU.Build.0 = Debug|Any CPU
		{67787945-F2C4-4D2B-8953-392DC0EBF71A}.Release|Any CPU.ActiveCfg = Release|Any CPU
		{67787945-F2C4-4D2B-8953-392DC0EBF71A}.Release|Any CPU.Build.0 = Release|Any CPU
		{B9107C4E-24C0-4689-BB70-01CB665D73A3}.Debug|Any CPU.ActiveCfg = Debug|Any CPU
		{B9107C4E-24C0-4689-BB70-01CB665D73A3}.Debug|Any CPU.Build.0 = Debug|Any CPU
		{B9107C4E-24C0-4689-BB70-01CB665D73A3}.Release|Any CPU.ActiveCfg = Release|Any CPU
		{B9107C4E-24C0-4689-BB70-01CB665D73A3}.Release|Any CPU.Build.0 = Release|Any CPU
	EndGlobalSection
	GlobalSection(SolutionProperties) = preSolution
		HideSolutionNode = FALSE
	EndGlobalSection
	GlobalSection(ExtensibilityGlobals) = postSolution
		SolutionGuid = {02DE58D6-28D5-4E13-BF9B-3FDE018480D8}
	EndGlobalSection
EndGlobal
